{
  "name": "advent-of-code-2021-day-14",
  "version": "1.0.0",
  "lockfileVersion": 2,
  "requires": true,
  "packages": {
    "": {
      "name": "advent-of-code-2021-day-14",
      "version": "1.0.0",
      "license": "ISC",
      "dependencies": {
        "heap": "^0.2.7",
        "immutable": "^4.0.0"
      },
      "devDependencies": {
        "@types/heap": "^0.2.28"
      }
    },
    "node_modules/@types/heap": {
      "version": "0.2.28",
      "resolved": "https://registry.npmjs.org/@types/heap/-/heap-0.2.28.tgz",
      "integrity": "sha1-xCR/rg5DjHauBRlMS4fNXE6Fmn0=",
      "dev": true
    },
    "node_modules/heap": {
      "version": "0.2.7",
      "resolved": "https://registry.npmjs.org/heap/-/heap-0.2.7.tgz",
      "integrity": "sha512-2bsegYkkHO+h/9MGbn6KWcE45cHZgPANo5LXF7EvWdT0yT2EguSVO1nDgU5c8+ZOPwp2vMNa7YFsJhVcDR9Sdg=="
    },
    "node_modules/immutable": {
      "version": "4.0.0",
      "resolved": "https://registry.npmjs.org/immutable/-/immutable-4.0.0.tgz",
      "integrity": "sha512-zIE9hX70qew5qTUjSS7wi1iwj/l7+m54KWU247nhM3v806UdGj1yDndXj+IOYxxtW9zyLI+xqFNZjTuDaLUqFw=="
    }
  },
  "dependencies": {
    "@types/heap": {
      "version": "0.2.28",
      "resolved": "https://registry.npmjs.org/@types/heap/-/heap-0.2.28.tgz",
      "integrity": "sha1-xCR/rg5DjHauBRlMS4fNXE6Fmn0=",
      "dev": true
    },
    "heap": {
      "version": "0.2.7",
      "resolved": "https://registry.npmjs.org/heap/-/heap-0.2.7.tgz",
      "integrity": "sha512-2bsegYkkHO+h/9MGbn6KWcE45cHZgPANo5LXF7EvWdT0yT2EguSVO1nDgU5c8+ZOPwp2vMNa7YFsJhVcDR9Sdg=="
    },
    "immutable": {
      "version": "4.0.0",
      "resolved": "https://registry.npmjs.org/immutable/-/immutable-4.0.0.tgz",
      "integrity": "sha512-zIE9hX70qew5qTUjSS7wi1iwj/l7+m54KWU247nhM3v806UdGj1yDndXj+IOYxxtW9zyLI+xqFNZjTuDaLUqFw=="
    }
  }
}
