{
  "name": "advent-of-code-2021-day-22",
  "version": "1.0.0",
  "lockfileVersion": 2,
  "requires": true,
  "packages": {
    "": {
      "name": "advent-of-code-2021-day-22",
      "version": "1.0.0",
      "license": "ISC",
      "dependencies": {
        "box-intersect": "^1.0.2",
        "immutable": "^4.0.0"
      },
      "devDependencies": {
        "@types/box-intersect": "^1.0.0"
      }
    },
    "node_modules/@types/box-intersect": {
      "version": "1.0.0",
      "resolved": "https://registry.npmjs.org/@types/box-intersect/-/box-intersect-1.0.0.tgz",
      "integrity": "sha512-Bf6O431pf1gDWxCXnKrxcBPc+NLpTA9HtZJ1l1hEhqrBsSr2zDwYrw2/K6QwkO+Nwfj5spsLwRFNYLft5QhVSQ==",
      "dev": true
    },
    "node_modules/bit-twiddle": {
      "version": "1.0.2",
      "resolved": "https://registry.npmjs.org/bit-twiddle/-/bit-twiddle-1.0.2.tgz",
      "integrity": "sha1-DGwfq+KyPRcXPZpht7cJPrnhdp4="
    },
    "node_modules/box-intersect": {
      "version": "1.0.2",
      "resolved": "https://registry.npmjs.org/box-intersect/-/box-intersect-1.0.2.tgz",
      "integrity": "sha512-yJeMwlmFPG1gIa7Rs/cGXeI6iOj6Qz5MG5PE61xLKpElUGzmJ4abm+qsLpzxKJFpsSDq742BQEocr8dI2t8Nxw==",
      "dependencies": {
        "bit-twiddle": "^1.0.2",
        "typedarray-pool": "^1.1.0"
      }
    },
    "node_modules/dup": {
      "version": "1.0.0",
      "resolved": "https://registry.npmjs.org/dup/-/dup-1.0.0.tgz",
      "integrity": "sha1-UfxaxoX4GWRp3wuQXpNLIK9bQCk="
    },
    "node_modules/immutable": {
      "version": "4.0.0",
      "resolved": "https://registry.npmjs.org/immutable/-/immutable-4.0.0.tgz",
      "integrity": "sha512-zIE9hX70qew5qTUjSS7wi1iwj/l7+m54KWU247nhM3v806UdGj1yDndXj+IOYxxtW9zyLI+xqFNZjTuDaLUqFw=="
    },
    "node_modules/typedarray-pool": {
      "version": "1.2.0",
      "resolved": "https://registry.npmjs.org/typedarray-pool/-/typedarray-pool-1.2.0.tgz",
      "integrity": "sha512-YTSQbzX43yvtpfRtIDAYygoYtgT+Rpjuxy9iOpczrjpXLgGoyG7aS5USJXV2d3nn8uHTeb9rXDvzS27zUg5KYQ==",
      "dependencies": {
        "bit-twiddle": "^1.0.0",
        "dup": "^1.0.0"
      }
    }
  },
  "dependencies": {
    "@types/box-intersect": {
      "version": "1.0.0",
      "resolved": "https://registry.npmjs.org/@types/box-intersect/-/box-intersect-1.0.0.tgz",
      "integrity": "sha512-Bf6O431pf1gDWxCXnKrxcBPc+NLpTA9HtZJ1l1hEhqrBsSr2zDwYrw2/K6QwkO+Nwfj5spsLwRFNYLft5QhVSQ==",
      "dev": true
    },
    "bit-twiddle": {
      "version": "1.0.2",
      "resolved": "https://registry.npmjs.org/bit-twiddle/-/bit-twiddle-1.0.2.tgz",
      "integrity": "sha1-DGwfq+KyPRcXPZpht7cJPrnhdp4="
    },
    "box-intersect": {
      "version": "1.0.2",
      "resolved": "https://registry.npmjs.org/box-intersect/-/box-intersect-1.0.2.tgz",
      "integrity": "sha512-yJeMwlmFPG1gIa7Rs/cGXeI6iOj6Qz5MG5PE61xLKpElUGzmJ4abm+qsLpzxKJFpsSDq742BQEocr8dI2t8Nxw==",
      "requires": {
        "bit-twiddle": "^1.0.2",
        "typedarray-pool": "^1.1.0"
      }
    },
    "dup": {
      "version": "1.0.0",
      "resolved": "https://registry.npmjs.org/dup/-/dup-1.0.0.tgz",
      "integrity": "sha1-UfxaxoX4GWRp3wuQXpNLIK9bQCk="
    },
    "immutable": {
      "version": "4.0.0",
      "resolved": "https://registry.npmjs.org/immutable/-/immutable-4.0.0.tgz",
      "integrity": "sha512-zIE9hX70qew5qTUjSS7wi1iwj/l7+m54KWU247nhM3v806UdGj1yDndXj+IOYxxtW9zyLI+xqFNZjTuDaLUqFw=="
    },
    "typedarray-pool": {
      "version": "1.2.0",
      "resolved": "https://registry.npmjs.org/typedarray-pool/-/typedarray-pool-1.2.0.tgz",
      "integrity": "sha512-YTSQbzX43yvtpfRtIDAYygoYtgT+Rpjuxy9iOpczrjpXLgGoyG7aS5USJXV2d3nn8uHTeb9rXDvzS27zUg5KYQ==",
      "requires": {
        "bit-twiddle": "^1.0.0",
        "dup": "^1.0.0"
      }
    }
  }
}
